
Microsoft Visual Studio Solution File, Format Version 12.00
# Visual Studio Version 16
VisualStudioVersion = 16.0.29613.14
MinimumVisualStudioVersion = 10.0.40219.1
Project("{FAE04EC0-301F-11D3-BF4B-00C04F79EFBC}") = "laba_kompgraf", "laba_kompgraf.csproj", "{D60678B2-C166-4BC0-BF98-87CCAAB95AAC}"
EndProject
Global
	GlobalSection(SolutionConfigurationPlatforms) = preSolution
		Debug|Any CPU = Debug|Any CPU
		Release|Any CPU = Release|Any CPU
	EndGlobalSection
	GlobalSection(ProjectConfigurationPlatforms) = postSolution
		{D60678B2-C166-4BC0-BF98-87CCAAB95AAC}.Debug|Any CPU.ActiveCfg = Debug|Any CPU
		{D60678B2-C166-4BC0-BF98-87CCAAB95AAC}.Debug|Any CPU.Build.0 = Debug|Any CPU
		{D60678B2-C166-4BC0-BF98-87CCAAB95AAC}.Release|Any CPU.ActiveCfg = Release|Any CPU
		{D60678B2-C166-4BC0-BF98-87CCAAB95AAC}.Release|Any CPU.Build.0 = Release|Any CPU
	EndGlobalSection
	GlobalSection(SolutionProperties) = preSolution
		HideSolutionNode = FALSE
	EndGlobalSection
	GlobalSection(ExtensibilityGlobals) = postSolution
		SolutionGuid = {F3711B46-1925-4A07-AABC-2897D1DD52A9}
	EndGlobalSection
EndGlobal
